
Microsoft Visual Studio Solution File, Format Version 12.00
# Visual Studio 2013
VisualStudioVersion = 12.0.30723.0
MinimumVisualStudioVersion = 10.0.40219.1
Project("{FAE04EC0-301F-11D3-BF4B-00C04F79EFBC}") = "AllaBolagScreenScraper", "AllaBolagScreenScraper\AllaBolagScreenScraper.csproj", "{416C23F4-9FF7-4EDF-8BDA-ABEE99A829D3}"
EndProject
Project("{F088123C-0E9E-452A-89E6-6BA2F21D5CAC}") = "ModelingForScreenScraper", "ModelingForScreenScraper\ModelingForScreenScraper.modelproj", "{477D1157-23FE-4BC2-962A-92ABC3812961}"
EndProject
Global
	GlobalSection(SolutionConfigurationPlatforms) = preSolution
		Debug|Any CPU = Debug|Any CPU
		Release|Any CPU = Release|Any CPU
	EndGlobalSection
	GlobalSection(ProjectConfigurationPlatforms) = postSolution
		{416C23F4-9FF7-4EDF-8BDA-ABEE99A829D3}.Debug|Any CPU.ActiveCfg = Debug|Any CPU
		{416C23F4-9FF7-4EDF-8BDA-ABEE99A829D3}.Debug|Any CPU.Build.0 = Debug|Any CPU
		{416C23F4-9FF7-4EDF-8BDA-ABEE99A829D3}.Release|Any CPU.ActiveCfg = Release|Any CPU
		{416C23F4-9FF7-4EDF-8BDA-ABEE99A829D3}.Release|Any CPU.Build.0 = Release|Any CPU
		{477D1157-23FE-4BC2-962A-92ABC3812961}.Debug|Any CPU.ActiveCfg = Debug|Any CPU
		{477D1157-23FE-4BC2-962A-92ABC3812961}.Debug|Any CPU.Build.0 = Debug|Any CPU
		{477D1157-23FE-4BC2-962A-92ABC3812961}.Release|Any CPU.ActiveCfg = Release|Any CPU
		{477D1157-23FE-4BC2-962A-92ABC3812961}.Release|Any CPU.Build.0 = Release|Any CPU
	EndGlobalSection
	GlobalSection(SolutionProperties) = preSolution
		HideSolutionNode = FALSE
	EndGlobalSection
EndGlobal
